
Microsoft Visual Studio Solution File, Format Version 12.00
# Visual Studio Version 17
VisualStudioVersion = 17.14.36414.22 d17.14
MinimumVisualStudioVersion = 10.0.40219.1
Project("{FAE04EC0-301F-11D3-BF4B-00C04F79EFBC}") = "ConsoleApp_Linq_Practice", "ConsoleApp_Linq_Practice\ConsoleApp_Linq_Practice.csproj", "{C186B895-E78F-4FD6-B0B1-DFD7CB16356C}"
EndProject
Global
	GlobalSection(SolutionConfigurationPlatforms) = preSolution
		Debug|Any CPU = Debug|Any CPU
		Release|Any CPU = Release|Any CPU
	EndGlobalSection
	GlobalSection(ProjectConfigurationPlatforms) = postSolution
		{C186B895-E78F-4FD6-B0B1-DFD7CB16356C}.Debug|Any CPU.ActiveCfg = Debug|Any CPU
		{C186B895-E78F-4FD6-B0B1-DFD7CB16356C}.Debug|Any CPU.Build.0 = Debug|Any CPU
		{C186B895-E78F-4FD6-B0B1-DFD7CB16356C}.Release|Any CPU.ActiveCfg = Release|Any CPU
		{C186B895-E78F-4FD6-B0B1-DFD7CB16356C}.Release|Any CPU.Build.0 = Release|Any CPU
	EndGlobalSection
	GlobalSection(SolutionProperties) = preSolution
		HideSolutionNode = FALSE
	EndGlobalSection
	GlobalSection(ExtensibilityGlobals) = postSolution
		SolutionGuid = {6B8C01CC-A6F8-4C8F-8230-26098223B4DF}
	EndGlobalSection
EndGlobal
