
Microsoft Visual Studio Solution File, Format Version 12.00
# Visual Studio Version 17
VisualStudioVersion = 17.14.36414.22 d17.14
MinimumVisualStudioVersion = 10.0.40219.1
Project("{FAE04EC0-301F-11D3-BF4B-00C04F79EFBC}") = "Sqldemo", "Sqldemo\Sqldemo.csproj", "{3A73D1DF-06B2-4DB1-A272-59306817C085}"
EndProject
Global
	GlobalSection(SolutionConfigurationPlatforms) = preSolution
		Debug|Any CPU = Debug|Any CPU
		Release|Any CPU = Release|Any CPU
	EndGlobalSection
	GlobalSection(ProjectConfigurationPlatforms) = postSolution
		{3A73D1DF-06B2-4DB1-A272-59306817C085}.Debug|Any CPU.ActiveCfg = Debug|Any CPU
		{3A73D1DF-06B2-4DB1-A272-59306817C085}.Debug|Any CPU.Build.0 = Debug|Any CPU
		{3A73D1DF-06B2-4DB1-A272-59306817C085}.Release|Any CPU.ActiveCfg = Release|Any CPU
		{3A73D1DF-06B2-4DB1-A272-59306817C085}.Release|Any CPU.Build.0 = Release|Any CPU
	EndGlobalSection
	GlobalSection(SolutionProperties) = preSolution
		HideSolutionNode = FALSE
	EndGlobalSection
	GlobalSection(ExtensibilityGlobals) = postSolution
		SolutionGuid = {129AB0A8-F881-4E2D-BA25-4167BB9C3CCB}
	EndGlobalSection
EndGlobal
