
Microsoft Visual Studio Solution File, Format Version 12.00
# Visual Studio Version 17
VisualStudioVersion = 17.14.36414.22 d17.14
MinimumVisualStudioVersion = 10.0.40219.1
Project("{FAE04EC0-301F-11D3-BF4B-00C04F79EFBC}") = "MyFirst_MVC_CoreApp", "MyFirst_MVC_CoreApp\MyFirst_MVC_CoreApp.csproj", "{03B6BA6F-3338-4007-8D91-4B3329F2EC9C}"
EndProject
Global
	GlobalSection(SolutionConfigurationPlatforms) = preSolution
		Debug|Any CPU = Debug|Any CPU
		Release|Any CPU = Release|Any CPU
	EndGlobalSection
	GlobalSection(ProjectConfigurationPlatforms) = postSolution
		{03B6BA6F-3338-4007-8D91-4B3329F2EC9C}.Debug|Any CPU.ActiveCfg = Debug|Any CPU
		{03B6BA6F-3338-4007-8D91-4B3329F2EC9C}.Debug|Any CPU.Build.0 = Debug|Any CPU
		{03B6BA6F-3338-4007-8D91-4B3329F2EC9C}.Release|Any CPU.ActiveCfg = Release|Any CPU
		{03B6BA6F-3338-4007-8D91-4B3329F2EC9C}.Release|Any CPU.Build.0 = Release|Any CPU
	EndGlobalSection
	GlobalSection(SolutionProperties) = preSolution
		HideSolutionNode = FALSE
	EndGlobalSection
	GlobalSection(ExtensibilityGlobals) = postSolution
		SolutionGuid = {304EAEF3-A380-4C59-B1ED-21241AAAFBAD}
	EndGlobalSection
EndGlobal
