
Microsoft Visual Studio Solution File, Format Version 12.00
# Visual Studio Version 17
VisualStudioVersion = 17.14.36414.22
MinimumVisualStudioVersion = 10.0.40219.1
Project("{FAE04EC0-301F-11D3-BF4B-00C04F79EFBC}") = "StudentPresentationLayer", "StudentPresentationLayer\StudentPresentationLayer.csproj", "{B43A4351-9D17-4DC8-A9FE-32710A072A28}"
EndProject
Project("{FAE04EC0-301F-11D3-BF4B-00C04F79EFBC}") = "StudentDAL", "StudentDAL\StudentDAL.csproj", "{4813EB0D-9020-46EC-A758-E990EE24198F}"
EndProject
Project("{FAE04EC0-301F-11D3-BF4B-00C04F79EFBC}") = "StudentBLL", "StudentBLL\StudentBLL.csproj", "{39773D47-10BA-4380-B6A6-EEBC7701A129}"
EndProject
Global
	GlobalSection(SolutionConfigurationPlatforms) = preSolution
		Debug|Any CPU = Debug|Any CPU
		Release|Any CPU = Release|Any CPU
	EndGlobalSection
	GlobalSection(ProjectConfigurationPlatforms) = postSolution
		{B43A4351-9D17-4DC8-A9FE-32710A072A28}.Debug|Any CPU.ActiveCfg = Debug|Any CPU
		{B43A4351-9D17-4DC8-A9FE-32710A072A28}.Debug|Any CPU.Build.0 = Debug|Any CPU
		{B43A4351-9D17-4DC8-A9FE-32710A072A28}.Release|Any CPU.ActiveCfg = Release|Any CPU
		{B43A4351-9D17-4DC8-A9FE-32710A072A28}.Release|Any CPU.Build.0 = Release|Any CPU
		{4813EB0D-9020-46EC-A758-E990EE24198F}.Debug|Any CPU.ActiveCfg = Debug|Any CPU
		{4813EB0D-9020-46EC-A758-E990EE24198F}.Debug|Any CPU.Build.0 = Debug|Any CPU
		{4813EB0D-9020-46EC-A758-E990EE24198F}.Release|Any CPU.ActiveCfg = Release|Any CPU
		{4813EB0D-9020-46EC-A758-E990EE24198F}.Release|Any CPU.Build.0 = Release|Any CPU
		{39773D47-10BA-4380-B6A6-EEBC7701A129}.Debug|Any CPU.ActiveCfg = Debug|Any CPU
		{39773D47-10BA-4380-B6A6-EEBC7701A129}.Debug|Any CPU.Build.0 = Debug|Any CPU
		{39773D47-10BA-4380-B6A6-EEBC7701A129}.Release|Any CPU.ActiveCfg = Release|Any CPU
		{39773D47-10BA-4380-B6A6-EEBC7701A129}.Release|Any CPU.Build.0 = Release|Any CPU
	EndGlobalSection
	GlobalSection(SolutionProperties) = preSolution
		HideSolutionNode = FALSE
	EndGlobalSection
	GlobalSection(ExtensibilityGlobals) = postSolution
		SolutionGuid = {C340E8C1-2CE8-4E19-84F6-59CADB64304C}
	EndGlobalSection
EndGlobal
