
Microsoft Visual Studio Solution File, Format Version 12.00
# Visual Studio Version 17
VisualStudioVersion = 17.14.36414.22 d17.14
MinimumVisualStudioVersion = 10.0.40219.1
Project("{FAE04EC0-301F-11D3-BF4B-00C04F79EFBC}") = "AspRadioDemo", "AspRadioDemo\AspRadioDemo.csproj", "{C08940AD-59D2-4C2B-96BC-0BF395EE9A63}"
EndProject
Global
	GlobalSection(SolutionConfigurationPlatforms) = preSolution
		Debug|Any CPU = Debug|Any CPU
		Release|Any CPU = Release|Any CPU
	EndGlobalSection
	GlobalSection(ProjectConfigurationPlatforms) = postSolution
		{C08940AD-59D2-4C2B-96BC-0BF395EE9A63}.Debug|Any CPU.ActiveCfg = Debug|Any CPU
		{C08940AD-59D2-4C2B-96BC-0BF395EE9A63}.Debug|Any CPU.Build.0 = Debug|Any CPU
		{C08940AD-59D2-4C2B-96BC-0BF395EE9A63}.Release|Any CPU.ActiveCfg = Release|Any CPU
		{C08940AD-59D2-4C2B-96BC-0BF395EE9A63}.Release|Any CPU.Build.0 = Release|Any CPU
	EndGlobalSection
	GlobalSection(SolutionProperties) = preSolution
		HideSolutionNode = FALSE
	EndGlobalSection
	GlobalSection(ExtensibilityGlobals) = postSolution
		SolutionGuid = {41B038B8-98C2-432D-B384-81A9B4199F30}
	EndGlobalSection
EndGlobal
