
Microsoft Visual Studio Solution File, Format Version 12.00
# Visual Studio Version 17
VisualStudioVersion = 17.14.36414.22 d17.14
MinimumVisualStudioVersion = 10.0.40219.1
Project("{FAE04EC0-301F-11D3-BF4B-00C04F79EFBC}") = "OptionSelectionForm", "OptionSelectionForm\OptionSelectionForm.csproj", "{5E9AE08D-7E4D-4DDC-A140-2318A71E43DA}"
EndProject
Global
	GlobalSection(SolutionConfigurationPlatforms) = preSolution
		Debug|Any CPU = Debug|Any CPU
		Release|Any CPU = Release|Any CPU
	EndGlobalSection
	GlobalSection(ProjectConfigurationPlatforms) = postSolution
		{5E9AE08D-7E4D-4DDC-A140-2318A71E43DA}.Debug|Any CPU.ActiveCfg = Debug|Any CPU
		{5E9AE08D-7E4D-4DDC-A140-2318A71E43DA}.Debug|Any CPU.Build.0 = Debug|Any CPU
		{5E9AE08D-7E4D-4DDC-A140-2318A71E43DA}.Release|Any CPU.ActiveCfg = Release|Any CPU
		{5E9AE08D-7E4D-4DDC-A140-2318A71E43DA}.Release|Any CPU.Build.0 = Release|Any CPU
	EndGlobalSection
	GlobalSection(SolutionProperties) = preSolution
		HideSolutionNode = FALSE
	EndGlobalSection
	GlobalSection(ExtensibilityGlobals) = postSolution
		SolutionGuid = {2D2F5B75-8C61-4FB2-A133-22B248A4AAC4}
	EndGlobalSection
EndGlobal
