
Microsoft Visual Studio Solution File, Format Version 12.00
# Visual Studio Version 17
VisualStudioVersion = 17.14.36414.22 d17.14
MinimumVisualStudioVersion = 10.0.40219.1
Project("{FAE04EC0-301F-11D3-BF4B-00C04F79EFBC}") = "SeriLogCalculator_ConsoleApp", "SeriLogCalculator_ConsoleApp\SeriLogCalculator_ConsoleApp.csproj", "{CF9CCED3-93DA-4541-87D1-1F7B2E5B6D99}"
EndProject
Global
	GlobalSection(SolutionConfigurationPlatforms) = preSolution
		Debug|Any CPU = Debug|Any CPU
		Release|Any CPU = Release|Any CPU
	EndGlobalSection
	GlobalSection(ProjectConfigurationPlatforms) = postSolution
		{CF9CCED3-93DA-4541-87D1-1F7B2E5B6D99}.Debug|Any CPU.ActiveCfg = Debug|Any CPU
		{CF9CCED3-93DA-4541-87D1-1F7B2E5B6D99}.Debug|Any CPU.Build.0 = Debug|Any CPU
		{CF9CCED3-93DA-4541-87D1-1F7B2E5B6D99}.Release|Any CPU.ActiveCfg = Release|Any CPU
		{CF9CCED3-93DA-4541-87D1-1F7B2E5B6D99}.Release|Any CPU.Build.0 = Release|Any CPU
	EndGlobalSection
	GlobalSection(SolutionProperties) = preSolution
		HideSolutionNode = FALSE
	EndGlobalSection
	GlobalSection(ExtensibilityGlobals) = postSolution
		SolutionGuid = {ED469F95-E623-4CC0-8FDB-0D29120FC80A}
	EndGlobalSection
EndGlobal
