
Microsoft Visual Studio Solution File, Format Version 12.00
# Visual Studio Version 17
VisualStudioVersion = 17.14.36414.22
MinimumVisualStudioVersion = 10.0.40219.1
Project("{FAE04EC0-301F-11D3-BF4B-00C04F79EFBC}") = "XL_Practice", "ConsoleApp1\XL_Practice.csproj", "{0CF10DE7-6A47-469A-A390-CBA8472D8B62}"
EndProject
Global
	GlobalSection(SolutionConfigurationPlatforms) = preSolution
		Debug|Any CPU = Debug|Any CPU
		Release|Any CPU = Release|Any CPU
	EndGlobalSection
	GlobalSection(ProjectConfigurationPlatforms) = postSolution
		{0CF10DE7-6A47-469A-A390-CBA8472D8B62}.Debug|Any CPU.ActiveCfg = Debug|Any CPU
		{0CF10DE7-6A47-469A-A390-CBA8472D8B62}.Debug|Any CPU.Build.0 = Debug|Any CPU
		{0CF10DE7-6A47-469A-A390-CBA8472D8B62}.Release|Any CPU.ActiveCfg = Release|Any CPU
		{0CF10DE7-6A47-469A-A390-CBA8472D8B62}.Release|Any CPU.Build.0 = Release|Any CPU
	EndGlobalSection
	GlobalSection(SolutionProperties) = preSolution
		HideSolutionNode = FALSE
	EndGlobalSection
	GlobalSection(ExtensibilityGlobals) = postSolution
		SolutionGuid = {1A817D75-1998-44FD-BC08-F56A945F0369}
	EndGlobalSection
EndGlobal
