
Microsoft Visual Studio Solution File, Format Version 12.00
# Visual Studio Version 17
VisualStudioVersion = 17.14.36414.22 d17.14
MinimumVisualStudioVersion = 10.0.40219.1
Project("{FAE04EC0-301F-11D3-BF4B-00C04F79EFBC}") = "LinqDemo_Assignment_16", "LinqDemo_Assignment_16\LinqDemo_Assignment_16.csproj", "{B8049983-1407-491F-A411-229133D9243C}"
EndProject
Global
	GlobalSection(SolutionConfigurationPlatforms) = preSolution
		Debug|Any CPU = Debug|Any CPU
		Release|Any CPU = Release|Any CPU
	EndGlobalSection
	GlobalSection(ProjectConfigurationPlatforms) = postSolution
		{B8049983-1407-491F-A411-229133D9243C}.Debug|Any CPU.ActiveCfg = Debug|Any CPU
		{B8049983-1407-491F-A411-229133D9243C}.Debug|Any CPU.Build.0 = Debug|Any CPU
		{B8049983-1407-491F-A411-229133D9243C}.Release|Any CPU.ActiveCfg = Release|Any CPU
		{B8049983-1407-491F-A411-229133D9243C}.Release|Any CPU.Build.0 = Release|Any CPU
	EndGlobalSection
	GlobalSection(SolutionProperties) = preSolution
		HideSolutionNode = FALSE
	EndGlobalSection
	GlobalSection(ExtensibilityGlobals) = postSolution
		SolutionGuid = {C40A9AB4-7390-44D9-983A-8D3BBDAE0E18}
	EndGlobalSection
EndGlobal
