
Microsoft Visual Studio Solution File, Format Version 12.00
# Visual Studio Version 17
VisualStudioVersion = 17.14.36414.22 d17.14
MinimumVisualStudioVersion = 10.0.40219.1
Project("{FAE04EC0-301F-11D3-BF4B-00C04F79EFBC}") = "MVC_Client_ATM", "MVC_Client_ATM\MVC_Client_ATM.csproj", "{8DD1F749-1596-46DC-B6BA-CAF94DD03EFC}"
EndProject
Global
	GlobalSection(SolutionConfigurationPlatforms) = preSolution
		Debug|Any CPU = Debug|Any CPU
		Release|Any CPU = Release|Any CPU
	EndGlobalSection
	GlobalSection(ProjectConfigurationPlatforms) = postSolution
		{8DD1F749-1596-46DC-B6BA-CAF94DD03EFC}.Debug|Any CPU.ActiveCfg = Debug|Any CPU
		{8DD1F749-1596-46DC-B6BA-CAF94DD03EFC}.Debug|Any CPU.Build.0 = Debug|Any CPU
		{8DD1F749-1596-46DC-B6BA-CAF94DD03EFC}.Release|Any CPU.ActiveCfg = Release|Any CPU
		{8DD1F749-1596-46DC-B6BA-CAF94DD03EFC}.Release|Any CPU.Build.0 = Release|Any CPU
	EndGlobalSection
	GlobalSection(SolutionProperties) = preSolution
		HideSolutionNode = FALSE
	EndGlobalSection
	GlobalSection(ExtensibilityGlobals) = postSolution
		SolutionGuid = {BD4BF388-6E28-48E9-87DB-01B5D31563E9}
	EndGlobalSection
EndGlobal
